
Microsoft Visual Studio Solution File, Format Version 12.00
# Visual Studio Version 17
VisualStudioVersion = 17.8.34330.188
MinimumVisualStudioVersion = 10.0.40219.1
Project("{2150E333-8FDC-42A3-9474-1A3956D46DE8}") = "src", "src", "{6B3A274A-8FDE-477E-9A8F-312009C961B1}"
EndProject
Project("{9A19103F-16F7-4668-BE54-9A1E7A4F7556}") = "TGR.Unosquare.WiringPi", "src\Unosquare.WiringPi\TGR.Unosquare.WiringPi.csproj", "{9241C138-0F87-4DDA-8A20-7D6D8340F639}"
EndProject
Project("{9A19103F-16F7-4668-BE54-9A1E7A4F7556}") = "TGR.Unosquare.WiringPi.Workbench", "src\Unosquare.WiringPi.Workbench\TGR.Unosquare.WiringPi.Workbench.csproj", "{6426213F-AE64-41B3-8657-1A1CE589BEF6}"
EndProject
Project("{2150E333-8FDC-42A3-9474-1A3956D46DE8}") = "Solutions Folder", "Solutions Folder", "{E4498B64-E76A-45FC-9BC2-E7FC44802C94}"
	ProjectSection(SolutionItems) = preProject
		appveyor.yml = appveyor.yml
		docfx.json = docfx.json
		README.md = README.md
		StyleCop.Analyzers.ruleset = StyleCop.Analyzers.ruleset
	EndProjectSection
EndProject
Project("{9A19103F-16F7-4668-BE54-9A1E7A4F7556}") = "TGR.Unosquare.RaspberryIO", "src\Unosquare.RaspberryIO\TGR.Unosquare.RaspberryIO.csproj", "{162C2B2A-A624-43D9-8225-F078112D13C3}"
EndProject
Project("{9A19103F-16F7-4668-BE54-9A1E7A4F7556}") = "TGR.Unosquare.RaspberryIO.Abstractions", "src\Unosquare.RaspberryIO.Abstractions\TGR.Unosquare.RaspberryIO.Abstractions.csproj", "{4D161FF8-F89A-462C-BB9D-5E5AE159B728}"
EndProject
Project("{9A19103F-16F7-4668-BE54-9A1E7A4F7556}") = "TGR.Unosquare.RaspberryIO.Peripherals", "src\Unosquare.RaspberryIO.Peripherals\TGR.Unosquare.RaspberryIO.Peripherals.csproj", "{49B5D40F-74DB-4B67-B4CF-AF8FFA0AE8DC}"
EndProject
Project("{9A19103F-16F7-4668-BE54-9A1E7A4F7556}") = "TGR.Unosquare.RaspberryIO.Playground", "src\Unosquare.RaspberryIO.Playground\TGR.Unosquare.RaspberryIO.Playground.csproj", "{23742578-06C8-4AEA-8EED-2E17D75D891F}"
EndProject
Global
	GlobalSection(SolutionConfigurationPlatforms) = preSolution
		Debug|Any CPU = Debug|Any CPU
		Release|Any CPU = Release|Any CPU
	EndGlobalSection
	GlobalSection(ProjectConfigurationPlatforms) = postSolution
		{9241C138-0F87-4DDA-8A20-7D6D8340F639}.Debug|Any CPU.ActiveCfg = Debug|Any CPU
		{9241C138-0F87-4DDA-8A20-7D6D8340F639}.Debug|Any CPU.Build.0 = Debug|Any CPU
		{9241C138-0F87-4DDA-8A20-7D6D8340F639}.Release|Any CPU.ActiveCfg = Release|Any CPU
		{9241C138-0F87-4DDA-8A20-7D6D8340F639}.Release|Any CPU.Build.0 = Release|Any CPU
		{6426213F-AE64-41B3-8657-1A1CE589BEF6}.Debug|Any CPU.ActiveCfg = Debug|Any CPU
		{6426213F-AE64-41B3-8657-1A1CE589BEF6}.Debug|Any CPU.Build.0 = Debug|Any CPU
		{6426213F-AE64-41B3-8657-1A1CE589BEF6}.Release|Any CPU.ActiveCfg = Release|Any CPU
		{6426213F-AE64-41B3-8657-1A1CE589BEF6}.Release|Any CPU.Build.0 = Release|Any CPU
		{162C2B2A-A624-43D9-8225-F078112D13C3}.Debug|Any CPU.ActiveCfg = Debug|Any CPU
		{162C2B2A-A624-43D9-8225-F078112D13C3}.Debug|Any CPU.Build.0 = Debug|Any CPU
		{162C2B2A-A624-43D9-8225-F078112D13C3}.Release|Any CPU.ActiveCfg = Release|Any CPU
		{162C2B2A-A624-43D9-8225-F078112D13C3}.Release|Any CPU.Build.0 = Release|Any CPU
		{4D161FF8-F89A-462C-BB9D-5E5AE159B728}.Debug|Any CPU.ActiveCfg = Debug|Any CPU
		{4D161FF8-F89A-462C-BB9D-5E5AE159B728}.Debug|Any CPU.Build.0 = Debug|Any CPU
		{4D161FF8-F89A-462C-BB9D-5E5AE159B728}.Release|Any CPU.ActiveCfg = Release|Any CPU
		{4D161FF8-F89A-462C-BB9D-5E5AE159B728}.Release|Any CPU.Build.0 = Release|Any CPU
		{49B5D40F-74DB-4B67-B4CF-AF8FFA0AE8DC}.Debug|Any CPU.ActiveCfg = Debug|Any CPU
		{49B5D40F-74DB-4B67-B4CF-AF8FFA0AE8DC}.Debug|Any CPU.Build.0 = Debug|Any CPU
		{49B5D40F-74DB-4B67-B4CF-AF8FFA0AE8DC}.Release|Any CPU.ActiveCfg = Release|Any CPU
		{49B5D40F-74DB-4B67-B4CF-AF8FFA0AE8DC}.Release|Any CPU.Build.0 = Release|Any CPU
		{23742578-06C8-4AEA-8EED-2E17D75D891F}.Debug|Any CPU.ActiveCfg = Debug|Any CPU
		{23742578-06C8-4AEA-8EED-2E17D75D891F}.Debug|Any CPU.Build.0 = Debug|Any CPU
		{23742578-06C8-4AEA-8EED-2E17D75D891F}.Release|Any CPU.ActiveCfg = Release|Any CPU
		{23742578-06C8-4AEA-8EED-2E17D75D891F}.Release|Any CPU.Build.0 = Release|Any CPU
	EndGlobalSection
	GlobalSection(SolutionProperties) = preSolution
		HideSolutionNode = FALSE
	EndGlobalSection
	GlobalSection(NestedProjects) = preSolution
		{9241C138-0F87-4DDA-8A20-7D6D8340F639} = {6B3A274A-8FDE-477E-9A8F-312009C961B1}
		{6426213F-AE64-41B3-8657-1A1CE589BEF6} = {6B3A274A-8FDE-477E-9A8F-312009C961B1}
		{162C2B2A-A624-43D9-8225-F078112D13C3} = {6B3A274A-8FDE-477E-9A8F-312009C961B1}
		{4D161FF8-F89A-462C-BB9D-5E5AE159B728} = {6B3A274A-8FDE-477E-9A8F-312009C961B1}
		{49B5D40F-74DB-4B67-B4CF-AF8FFA0AE8DC} = {6B3A274A-8FDE-477E-9A8F-312009C961B1}
		{23742578-06C8-4AEA-8EED-2E17D75D891F} = {6B3A274A-8FDE-477E-9A8F-312009C961B1}
	EndGlobalSection
	GlobalSection(ExtensibilityGlobals) = postSolution
		SolutionGuid = {458E4143-9DD7-4F40-BC2A-9AA4AA144E86}
	EndGlobalSection
EndGlobal
